<?xml version="1.0" encoding="utf-8"?>
<Project ToolsVersion="4.0" xmlns="http://schemas.microsoft.com/developer/msbuild/2003">
  <ItemGroup>
    <Filter Include="Source Files">
      <UniqueIdentifier>{4FC737F1-C7A5-4376-A066-2A32D752A2FF}</UniqueIdentifier>
      <Extensions>cpp;c;cc;cxx;def;odl;idl;hpj;bat;asm;asmx</Extensions>
    </Filter>
    <Filter Include="Header Files">
      <UniqueIdentifier>{93995380-89BD-4b04-88EB-625FBE52EBFB}</UniqueIdentifier>
      <Extensions>h;hpp;hxx;hm;inl;inc;xsd</Extensions>
    </Filter>
    <Filter Include="Resource Files">
      <UniqueIdentifier>{67DA6AB6-F800-4c08-8B7A-83BB121AAD01}</UniqueIdentifier>
      <Extensions>rc;ico;cur;bmp;dlg;rc2;rct;bin;rgs;gif;jpg;jpeg;jpe;resx;tiff;tif;png;wav</Extensions>
    </Filter>
    <Filter Include="Generated Files">
      <UniqueIdentifier>{30a97fcd-69ea-420b-a408-c0bf247456e0}</UniqueIdentifier>
      <Extensions>cpp;c;cxx;moc;h;def;odl;idl;res;</Extensions>
    </Filter>
  </ItemGroup>
  <ItemGroup>
    <ClCompile Include="..\cbhwlib\cbhwlib.cpp">
      <Filter>Source Files</Filter>
    </ClCompile>
    <ClCompile Include="..\cbhwlib\cbHwlibHi.cpp">
      <Filter>Source Files</Filter>
    </ClCompile>
    <ClCompile Include="cbmex.cpp">
      <Filter>Source Files</Filter>
    </ClCompile>
    <ClCompile Include="cbsdk.cpp">
      <Filter>Source Files</Filter>
    </ClCompile>
    <ClCompile Include="..\cbhwlib\CCFUtils.cpp">
      <Filter>Source Files</Filter>
    </ClCompile>
    <ClCompile Include="..\cbhwlib\CCFUtilsBinary.cpp">
      <Filter>Source Files</Filter>
    </ClCompile>
    <ClCompile Include="..\cbhwlib\CCFUtilsConcurrent.cpp">
      <Filter>Source Files</Filter>
    </ClCompile>
    <ClCompile Include="..\cbhwlib\CCFUtilsXml.cpp">
      <Filter>Source Files</Filter>
    </ClCompile>
    <ClCompile Include="..\cbhwlib\CCFUtilsXmlItems.cpp">
      <Filter>Source Files</Filter>
    </ClCompile>
    <ClCompile Include="..\cbhwlib\InstNetwork.cpp">
      <Filter>Source Files</Filter>
    </ClCompile>
    <ClCompile Include="..\Central\Instrument.cpp">
      <Filter>Source Files</Filter>
    </ClCompile>
    <ClCompile Include="..\Central\UDPsocket.cpp">
      <Filter>Source Files</Filter>
    </ClCompile>
    <ClCompile Include="..\cbhwlib\XmlFile.cpp">
      <Filter>Source Files</Filter>
    </ClCompile>
    <ClCompile Include="Generated Files\moc_InstNetwork.cpp">
      <Filter>Generated Files</Filter>
    </ClCompile>
  </ItemGroup>
  <ItemGroup>
    <ResourceCompile Include="cbMex.rc">
      <Filter>Source Files</Filter>
    </ResourceCompile>
  </ItemGroup>
  <ItemGroup>
    <ClInclude Include="..\cbhwlib\cbhwlib.h">
      <Filter>Header Files</Filter>
    </ClInclude>
    <ClInclude Include="..\cbhwlib\cbHwlibHi.h">
      <Filter>Header Files</Filter>
    </ClInclude>
    <ClInclude Include="cbmex.h">
      <Filter>Header Files</Filter>
    </ClInclude>
    <ClInclude Include="cbsdk.h">
      <Filter>Header Files</Filter>
    </ClInclude>
    <ClInclude Include="..\cbhwlib\CCFUtils.h">
      <Filter>Header Files</Filter>
    </ClInclude>
    <ClInclude Include="..\cbhwlib\CCFUtilsBinary.h">
      <Filter>Header Files</Filter>
    </ClInclude>
    <ClInclude Include="..\cbhwlib\CCFUtilsConcurrent.h">
      <Filter>Header Files</Filter>
    </ClInclude>
    <ClInclude Include="..\cbhwlib\CCFUtilsXml.h">
      <Filter>Header Files</Filter>
    </ClInclude>
    <ClInclude Include="..\cbhwlib\CCFUtilsXmlItems.h">
      <Filter>Header Files</Filter>
    </ClInclude>
    <ClInclude Include="..\cbhwlib\CCFUtilsXmlItemsGenerate.h">
      <Filter>Header Files</Filter>
    </ClInclude>
    <ClInclude Include="..\cbhwlib\CCFUtilsXmlItemsParse.h">
      <Filter>Header Files</Filter>
    </ClInclude>
    <ClInclude Include="..\cbhwlib\compat.h">
      <Filter>Header Files</Filter>
    </ClInclude>
    <ClInclude Include="..\Central\Instrument.h">
      <Filter>Header Files</Filter>
    </ClInclude>
    <ClInclude Include="resource.h">
      <Filter>Header Files</Filter>
    </ClInclude>
    <ClInclude Include="SdkApp.h">
      <Filter>Header Files</Filter>
    </ClInclude>
    <ClInclude Include="..\Central\UDPsocket.h">
      <Filter>Header Files</Filter>
    </ClInclude>
    <ClInclude Include="..\cbhwlib\XmlFile.h">
      <Filter>Header Files</Filter>
    </ClInclude>
    <ClInclude Include="..\cbhwlib\XmlItem.h">
      <Filter>Header Files</Filter>
    </ClInclude>
  </ItemGroup>
  <ItemGroup>
    <None Include="res\cbmex.rc2">
      <Filter>Resource Files</Filter>
    </None>
  </ItemGroup>
  <ItemGroup>
    <CustomBuild Include="..\cbhwlib\InstNetwork.h">
      <Filter>Header Files</Filter>
    </CustomBuild>
  </ItemGroup>
</Project>